// !$*UTF8*$!
{
	archiveVersion = 1;
	classes = {
	};
	objectVersion = 48;
	objects = {

/* Begin PBXBuildFile section */
		C82DFCDF1FBF0E3D00B65F92 /* ImageListController.swift in Sources */ = {isa = PBXBuildFile; fileRef = C82DFCDE1FBF0E3D00B65F92 /* ImageListController.swift */; };
		C82DFCE11FBFB98C00B65F92 /* ImageCell.swift in Sources */ = {isa = PBXBuildFile; fileRef = C82DFCE01FBFB98C00B65F92 /* ImageCell.swift */; };
		C888FF6E1FCCCB92000F7738 /* StringPictMaker.xcdatamodeld in Sources */ = {isa = PBXBuildFile; fileRef = C888FF6C1FCCCB92000F7738 /* StringPictMaker.xcdatamodeld */; };
		C891DD701FC1BC1800C126BF /* ImageBoard.swift in Sources */ = {isa = PBXBuildFile; fileRef = C891DD6F1FC1BC1800C126BF /* ImageBoard.swift */; };
		C891DD721FC4555F00C126BF /* MenuButtonActionController.swift in Sources */ = {isa = PBXBuildFile; fileRef = C891DD711FC4555F00C126BF /* MenuButtonActionController.swift */; };
		C891DD761FC46AEF00C126BF /* DataManager.swift in Sources */ = {isa = PBXBuildFile; fileRef = C891DD751FC46AEF00C126BF /* DataManager.swift */; };
		C89E07101FC04C6E00C527BC /* ImageEditor.swift in Sources */ = {isa = PBXBuildFile; fileRef = C89E070F1FC04C6E00C527BC /* ImageEditor.swift */; };
		C8B59D841FD6DB4500DCB67B /* FontPickerViewController.swift in Sources */ = {isa = PBXBuildFile; fileRef = C8B59D831FD6DB4500DCB67B /* FontPickerViewController.swift */; };
		C8B924B01FEF6AA100D9C3B8 /* ColorApplyButton.swift in Sources */ = {isa = PBXBuildFile; fileRef = C8B924A81FEF6AA100D9C3B8 /* ColorApplyButton.swift */; };
		C8B924B11FEF6AA100D9C3B8 /* ColorPickerView.swift in Sources */ = {isa = PBXBuildFile; fileRef = C8B924A91FEF6AA100D9C3B8 /* ColorPickerView.swift */; };
		C8B924B21FEF6AA100D9C3B8 /* HSB.swift in Sources */ = {isa = PBXBuildFile; fileRef = C8B924AA1FEF6AA100D9C3B8 /* HSB.swift */; };
		C8B924B31FEF6AA100D9C3B8 /* AngleGradientLayer.swift in Sources */ = {isa = PBXBuildFile; fileRef = C8B924AB1FEF6AA100D9C3B8 /* AngleGradientLayer.swift */; };
		C8B924B41FEF6AA100D9C3B8 /* ThumbView.swift in Sources */ = {isa = PBXBuildFile; fileRef = C8B924AC1FEF6AA100D9C3B8 /* ThumbView.swift */; };
		C8B924B51FEF6AA100D9C3B8 /* ColorPicker+Math.swift in Sources */ = {isa = PBXBuildFile; fileRef = C8B924AD1FEF6AA100D9C3B8 /* ColorPicker+Math.swift */; };
		C8B924B61FEF6AA100D9C3B8 /* CGRect+Core.swift in Sources */ = {isa = PBXBuildFile; fileRef = C8B924AE1FEF6AA100D9C3B8 /* CGRect+Core.swift */; };
		C8B924B71FEF6AA100D9C3B8 /* ColorLightingPicker.swift in Sources */ = {isa = PBXBuildFile; fileRef = C8B924AF1FEF6AA100D9C3B8 /* ColorLightingPicker.swift */; };
		C8BFE06C1FEE2B37000BC56E /* ラノベPOP.ttf in Resources */ = {isa = PBXBuildFile; fileRef = C8BFE06B1FEE2B37000BC56E /* ラノベPOP.ttf */; };
		C8BFE0701FEE38D7000BC56E /* 07にくまるフォント.ttf in Resources */ = {isa = PBXBuildFile; fileRef = C8BFE06F1FEE38D7000BC56E /* 07にくまるフォント.ttf */; };
		C8BFE0721FEE3ACF000BC56E /* 07ReallyScaryMinchotai.ttf in Resources */ = {isa = PBXBuildFile; fileRef = C8BFE0711FEE3ACF000BC56E /* 07ReallyScaryMinchotai.ttf */; };
		C8BFE0741FEE400D000BC56E /* gatasosyo.ttf in Resources */ = {isa = PBXBuildFile; fileRef = C8BFE0731FEE400D000BC56E /* gatasosyo.ttf */; };
		C8F22ED01FBC80BD00632109 /* AppDelegate.swift in Sources */ = {isa = PBXBuildFile; fileRef = C8F22ECF1FBC80BD00632109 /* AppDelegate.swift */; };
		C8F22ED21FBC80BD00632109 /* SplashController.swift in Sources */ = {isa = PBXBuildFile; fileRef = C8F22ED11FBC80BD00632109 /* SplashController.swift */; };
		C8F22ED51FBC80BD00632109 /* Main.storyboard in Resources */ = {isa = PBXBuildFile; fileRef = C8F22ED31FBC80BD00632109 /* Main.storyboard */; };
		C8F22EDA1FBC80BD00632109 /* Assets.xcassets in Resources */ = {isa = PBXBuildFile; fileRef = C8F22ED91FBC80BD00632109 /* Assets.xcassets */; };
		C8F22EDD1FBC80BD00632109 /* LaunchScreen.storyboard in Resources */ = {isa = PBXBuildFile; fileRef = C8F22EDB1FBC80BD00632109 /* LaunchScreen.storyboard */; };
		C8F22EE81FBC80BD00632109 /* StringPictMakerTests.swift in Sources */ = {isa = PBXBuildFile; fileRef = C8F22EE71FBC80BD00632109 /* StringPictMakerTests.swift */; };
		C8F22EF31FBC80BD00632109 /* StringPictMakerUITests.swift in Sources */ = {isa = PBXBuildFile; fileRef = C8F22EF21FBC80BD00632109 /* StringPictMakerUITests.swift */; };
		C8F75AE11FDC41BC006FA649 /* ColorPickerViewController.swift in Sources */ = {isa = PBXBuildFile; fileRef = C8F75AE01FDC41BC006FA649 /* ColorPickerViewController.swift */; };
		C8F75AE31FDCC7FB006FA649 /* LayerPickerViewController.swift in Sources */ = {isa = PBXBuildFile; fileRef = C8F75AE21FDCC7FB006FA649 /* LayerPickerViewController.swift */; };
		C8F75AE51FDEAEDA006FA649 /* LayerCell.swift in Sources */ = {isa = PBXBuildFile; fileRef = C8F75AE41FDEAEDA006FA649 /* LayerCell.swift */; };
/* End PBXBuildFile section */

/* Begin PBXContainerItemProxy section */
		C8F22EE41FBC80BD00632109 /* PBXContainerItemProxy */ = {
			isa = PBXContainerItemProxy;
			containerPortal = C8F22EC41FBC80BD00632109 /* Project object */;
			proxyType = 1;
			remoteGlobalIDString = C8F22ECB1FBC80BD00632109;
			remoteInfo = StringPictMaker;
		};
		C8F22EEF1FBC80BD00632109 /* PBXContainerItemProxy */ = {
			isa = PBXContainerItemProxy;
			containerPortal = C8F22EC41FBC80BD00632109 /* Project object */;
			proxyType = 1;
			remoteGlobalIDString = C8F22ECB1FBC80BD00632109;
			remoteInfo = StringPictMaker;
		};
/* End PBXContainerItemProxy section */

/* Begin PBXFileReference section */
		C82DFCDE1FBF0E3D00B65F92 /* ImageListController.swift */ = {isa = PBXFileReference; lastKnownFileType = sourcecode.swift; path = ImageListController.swift; sourceTree = "<group>"; };
		C82DFCE01FBFB98C00B65F92 /* ImageCell.swift */ = {isa = PBXFileReference; lastKnownFileType = sourcecode.swift; path = ImageCell.swift; sourceTree = "<group>"; };
		C888FF6D1FCCCB92000F7738 /* StringPictMaker.xcdatamodel */ = {isa = PBXFileReference; lastKnownFileType = wrapper.xcdatamodel; path = StringPictMaker.xcdatamodel; sourceTree = "<group>"; };
		C891DD6F1FC1BC1800C126BF /* ImageBoard.swift */ = {isa = PBXFileReference; lastKnownFileType = sourcecode.swift; path = ImageBoard.swift; sourceTree = "<group>"; };
		C891DD711FC4555F00C126BF /* MenuButtonActionController.swift */ = {isa = PBXFileReference; lastKnownFileType = sourcecode.swift; path = MenuButtonActionController.swift; sourceTree = "<group>"; };
		C891DD751FC46AEF00C126BF /* DataManager.swift */ = {isa = PBXFileReference; lastKnownFileType = sourcecode.swift; path = DataManager.swift; sourceTree = "<group>"; };
		C89E070F1FC04C6E00C527BC /* ImageEditor.swift */ = {isa = PBXFileReference; lastKnownFileType = sourcecode.swift; path = ImageEditor.swift; sourceTree = "<group>"; usesTabs = 1; };
		C8B59D831FD6DB4500DCB67B /* FontPickerViewController.swift */ = {isa = PBXFileReference; lastKnownFileType = sourcecode.swift; path = FontPickerViewController.swift; sourceTree = "<group>"; };
		C8B924A81FEF6AA100D9C3B8 /* ColorApplyButton.swift */ = {isa = PBXFileReference; fileEncoding = 4; lastKnownFileType = sourcecode.swift; path = ColorApplyButton.swift; sourceTree = "<group>"; };
		C8B924A91FEF6AA100D9C3B8 /* ColorPickerView.swift */ = {isa = PBXFileReference; fileEncoding = 4; lastKnownFileType = sourcecode.swift; path = ColorPickerView.swift; sourceTree = "<group>"; };
		C8B924AA1FEF6AA100D9C3B8 /* HSB.swift */ = {isa = PBXFileReference; fileEncoding = 4; lastKnownFileType = sourcecode.swift; path = HSB.swift; sourceTree = "<group>"; };
		C8B924AB1FEF6AA100D9C3B8 /* AngleGradientLayer.swift */ = {isa = PBXFileReference; fileEncoding = 4; lastKnownFileType = sourcecode.swift; path = AngleGradientLayer.swift; sourceTree = "<group>"; };
		C8B924AC1FEF6AA100D9C3B8 /* ThumbView.swift */ = {isa = PBXFileReference; fileEncoding = 4; lastKnownFileType = sourcecode.swift; path = ThumbView.swift; sourceTree = "<group>"; };
		C8B924AD1FEF6AA100D9C3B8 /* ColorPicker+Math.swift */ = {isa = PBXFileReference; fileEncoding = 4; lastKnownFileType = sourcecode.swift; path = "ColorPicker+Math.swift"; sourceTree = "<group>"; };
		C8B924AE1FEF6AA100D9C3B8 /* CGRect+Core.swift */ = {isa = PBXFileReference; fileEncoding = 4; lastKnownFileType = sourcecode.swift; path = "CGRect+Core.swift"; sourceTree = "<group>"; };
		C8B924AF1FEF6AA100D9C3B8 /* ColorLightingPicker.swift */ = {isa = PBXFileReference; fileEncoding = 4; lastKnownFileType = sourcecode.swift; path = ColorLightingPicker.swift; sourceTree = "<group>"; };
		C8BFE06B1FEE2B37000BC56E /* ラノベPOP.ttf */ = {isa = PBXFileReference; lastKnownFileType = file; path = "ラノベPOP.ttf"; sourceTree = "<group>"; };
		C8BFE06F1FEE38D7000BC56E /* 07にくまるフォント.ttf */ = {isa = PBXFileReference; lastKnownFileType = file; path = "07にくまるフォント.ttf"; sourceTree = "<group>"; };
		C8BFE0711FEE3ACF000BC56E /* 07ReallyScaryMinchotai.ttf */ = {isa = PBXFileReference; lastKnownFileType = file; path = 07ReallyScaryMinchotai.ttf; sourceTree = "<group>"; };
		C8BFE0731FEE400D000BC56E /* gatasosyo.ttf */ = {isa = PBXFileReference; lastKnownFileType = file; path = gatasosyo.ttf; sourceTree = "<group>"; };
		C8F22ECC1FBC80BD00632109 /* StringPictMaker.app */ = {isa = PBXFileReference; explicitFileType = wrapper.application; includeInIndex = 0; path = StringPictMaker.app; sourceTree = BUILT_PRODUCTS_DIR; };
		C8F22ECF1FBC80BD00632109 /* AppDelegate.swift */ = {isa = PBXFileReference; lastKnownFileType = sourcecode.swift; path = AppDelegate.swift; sourceTree = "<group>"; };
		C8F22ED11FBC80BD00632109 /* SplashController.swift */ = {isa = PBXFileReference; lastKnownFileType = sourcecode.swift; path = SplashController.swift; sourceTree = "<group>"; };
		C8F22ED41FBC80BD00632109 /* Base */ = {isa = PBXFileReference; lastKnownFileType = file.storyboard; name = Base; path = Base.lproj/Main.storyboard; sourceTree = "<group>"; };
		C8F22ED91FBC80BD00632109 /* Assets.xcassets */ = {isa = PBXFileReference; lastKnownFileType = folder.assetcatalog; path = Assets.xcassets; sourceTree = "<group>"; };
		C8F22EDC1FBC80BD00632109 /* Base */ = {isa = PBXFileReference; lastKnownFileType = file.storyboard; name = Base; path = Base.lproj/LaunchScreen.storyboard; sourceTree = "<group>"; };
		C8F22EDE1FBC80BD00632109 /* Info.plist */ = {isa = PBXFileReference; lastKnownFileType = text.plist.xml; path = Info.plist; sourceTree = "<group>"; };
		C8F22EE31FBC80BD00632109 /* StringPictMakerTests.xctest */ = {isa = PBXFileReference; explicitFileType = wrapper.cfbundle; includeInIndex = 0; path = StringPictMakerTests.xctest; sourceTree = BUILT_PRODUCTS_DIR; };
		C8F22EE71FBC80BD00632109 /* StringPictMakerTests.swift */ = {isa = PBXFileReference; lastKnownFileType = sourcecode.swift; path = StringPictMakerTests.swift; sourceTree = "<group>"; };
		C8F22EE91FBC80BD00632109 /* Info.plist */ = {isa = PBXFileReference; lastKnownFileType = text.plist.xml; path = Info.plist; sourceTree = "<group>"; };
		C8F22EEE1FBC80BD00632109 /* StringPictMakerUITests.xctest */ = {isa = PBXFileReference; explicitFileType = wrapper.cfbundle; includeInIndex = 0; path = StringPictMakerUITests.xctest; sourceTree = BUILT_PRODUCTS_DIR; };
		C8F22EF21FBC80BD00632109 /* StringPictMakerUITests.swift */ = {isa = PBXFileReference; lastKnownFileType = sourcecode.swift; path = StringPictMakerUITests.swift; sourceTree = "<group>"; };
		C8F22EF41FBC80BD00632109 /* Info.plist */ = {isa = PBXFileReference; lastKnownFileType = text.plist.xml; path = Info.plist; sourceTree = "<group>"; };
		C8F75AE01FDC41BC006FA649 /* ColorPickerViewController.swift */ = {isa = PBXFileReference; lastKnownFileType = sourcecode.swift; path = ColorPickerViewController.swift; sourceTree = "<group>"; };
		C8F75AE21FDCC7FB006FA649 /* LayerPickerViewController.swift */ = {isa = PBXFileReference; lastKnownFileType = sourcecode.swift; path = LayerPickerViewController.swift; sourceTree = "<group>"; };
		C8F75AE41FDEAEDA006FA649 /* LayerCell.swift */ = {isa = PBXFileReference; lastKnownFileType = sourcecode.swift; path = LayerCell.swift; sourceTree = "<group>"; };
/* End PBXFileReference section */

/* Begin PBXFrameworksBuildPhase section */
		C8F22EC91FBC80BD00632109 /* Frameworks */ = {
			isa = PBXFrameworksBuildPhase;
			buildActionMask = 2147483647;
			files = (
			);
			runOnlyForDeploymentPostprocessing = 0;
		};
		C8F22EE01FBC80BD00632109 /* Frameworks */ = {
			isa = PBXFrameworksBuildPhase;
			buildActionMask = 2147483647;
			files = (
			);
			runOnlyForDeploymentPostprocessing = 0;
		};
		C8F22EEB1FBC80BD00632109 /* Frameworks */ = {
			isa = PBXFrameworksBuildPhase;
			buildActionMask = 2147483647;
			files = (
			);
			runOnlyForDeploymentPostprocessing = 0;
		};
/* End PBXFrameworksBuildPhase section */

/* Begin PBXGroup section */
		2BCB17B30F05AE22DE323983 /* Frameworks */ = {
			isa = PBXGroup;
			children = (
			);
			name = Frameworks;
			sourceTree = "<group>";
		};
		3FD64178BECEE07B0680BB02 /* Pods */ = {
			isa = PBXGroup;
			children = (
			);
			name = Pods;
			sourceTree = "<group>";
		};
		C8B924A71FEF6A8500D9C3B8 /* SupportingFiles */ = {
			isa = PBXGroup;
			children = (
			);
			path = SupportingFiles;
			sourceTree = "<group>";
		};
		C8B924B81FEF89C700D9C3B8 /* IVColorPicker */ = {
			isa = PBXGroup;
			children = (
				C8B924AB1FEF6AA100D9C3B8 /* AngleGradientLayer.swift */,
				C8B924AE1FEF6AA100D9C3B8 /* CGRect+Core.swift */,
				C8B924A81FEF6AA100D9C3B8 /* ColorApplyButton.swift */,
				C8B924AF1FEF6AA100D9C3B8 /* ColorLightingPicker.swift */,
				C8B924AD1FEF6AA100D9C3B8 /* ColorPicker+Math.swift */,
				C8B924A91FEF6AA100D9C3B8 /* ColorPickerView.swift */,
				C8B924AA1FEF6AA100D9C3B8 /* HSB.swift */,
				C8B924AC1FEF6AA100D9C3B8 /* ThumbView.swift */,
			);
			path = IVColorPicker;
			sourceTree = "<group>";
		};
		C8BFE0681FEE2004000BC56E /* Font */ = {
			isa = PBXGroup;
			children = (
				C8BFE06B1FEE2B37000BC56E /* ラノベPOP.ttf */,
				C8BFE06F1FEE38D7000BC56E /* 07にくまるフォント.ttf */,
				C8BFE0711FEE3ACF000BC56E /* 07ReallyScaryMinchotai.ttf */,
				C8BFE0731FEE400D000BC56E /* gatasosyo.ttf */,
			);
			name = Font;
			sourceTree = "<group>";
		};
		C8F22EC31FBC80BD00632109 = {
			isa = PBXGroup;
			children = (
				C8F22ECE1FBC80BD00632109 /* StringPictMaker */,
				C8F22EE61FBC80BD00632109 /* StringPictMakerTests */,
				C8F22EF11FBC80BD00632109 /* StringPictMakerUITests */,
				C8F22ECD1FBC80BD00632109 /* Products */,
				3FD64178BECEE07B0680BB02 /* Pods */,
				2BCB17B30F05AE22DE323983 /* Frameworks */,
			);
			sourceTree = "<group>";
		};
		C8F22ECD1FBC80BD00632109 /* Products */ = {
			isa = PBXGroup;
			children = (
				C8F22ECC1FBC80BD00632109 /* StringPictMaker.app */,
				C8F22EE31FBC80BD00632109 /* StringPictMakerTests.xctest */,
				C8F22EEE1FBC80BD00632109 /* StringPictMakerUITests.xctest */,
			);
			name = Products;
			sourceTree = "<group>";
		};
		C8F22ECE1FBC80BD00632109 /* StringPictMaker */ = {
			isa = PBXGroup;
			children = (
				C8B924B81FEF89C700D9C3B8 /* IVColorPicker */,
				C8BFE0681FEE2004000BC56E /* Font */,
				C8B924A71FEF6A8500D9C3B8 /* SupportingFiles */,
				C8F22ECF1FBC80BD00632109 /* AppDelegate.swift */,
				C8F22ED11FBC80BD00632109 /* SplashController.swift */,
				C82DFCDE1FBF0E3D00B65F92 /* ImageListController.swift */,
				C82DFCE01FBFB98C00B65F92 /* ImageCell.swift */,
				C891DD6F1FC1BC1800C126BF /* ImageBoard.swift */,
				C89E070F1FC04C6E00C527BC /* ImageEditor.swift */,
				C891DD711FC4555F00C126BF /* MenuButtonActionController.swift */,
				C8B59D831FD6DB4500DCB67B /* FontPickerViewController.swift */,
				C8F75AE01FDC41BC006FA649 /* ColorPickerViewController.swift */,
				C8F75AE21FDCC7FB006FA649 /* LayerPickerViewController.swift */,
				C8F75AE41FDEAEDA006FA649 /* LayerCell.swift */,
				C891DD751FC46AEF00C126BF /* DataManager.swift */,
				C8F22ED31FBC80BD00632109 /* Main.storyboard */,
				C888FF6C1FCCCB92000F7738 /* StringPictMaker.xcdatamodeld */,
				C8F22ED91FBC80BD00632109 /* Assets.xcassets */,
				C8F22EDB1FBC80BD00632109 /* LaunchScreen.storyboard */,
				C8F22EDE1FBC80BD00632109 /* Info.plist */,
			);
			path = StringPictMaker;
			sourceTree = "<group>";
			usesTabs = 1;
		};
		C8F22EE61FBC80BD00632109 /* StringPictMakerTests */ = {
			isa = PBXGroup;
			children = (
				C8F22EE71FBC80BD00632109 /* StringPictMakerTests.swift */,
				C8F22EE91FBC80BD00632109 /* Info.plist */,
			);
			path = StringPictMakerTests;
			sourceTree = "<group>";
		};
		C8F22EF11FBC80BD00632109 /* StringPictMakerUITests */ = {
			isa = PBXGroup;
			children = (
				C8F22EF21FBC80BD00632109 /* StringPictMakerUITests.swift */,
				C8F22EF41FBC80BD00632109 /* Info.plist */,
			);
			path = StringPictMakerUITests;
			sourceTree = "<group>";
		};
/* End PBXGroup section */

/* Begin PBXNativeTarget section */
		C8F22ECB1FBC80BD00632109 /* StringPictMaker */ = {
			isa = PBXNativeTarget;
			buildConfigurationList = C8F22EF71FBC80BD00632109 /* Build configuration list for PBXNativeTarget "StringPictMaker" */;
			buildPhases = (
				C8F22EC81FBC80BD00632109 /* Sources */,
				C8F22EC91FBC80BD00632109 /* Frameworks */,
				C8F22ECA1FBC80BD00632109 /* Resources */,
			);
			buildRules = (
			);
			dependencies = (
			);
			name = StringPictMaker;
			productName = StringPictMaker;
			productReference = C8F22ECC1FBC80BD00632109 /* StringPictMaker.app */;
			productType = "com.apple.product-type.application";
		};
		C8F22EE21FBC80BD00632109 /* StringPictMakerTests */ = {
			isa = PBXNativeTarget;
			buildConfigurationList = C8F22EFA1FBC80BD00632109 /* Build configuration list for PBXNativeTarget "StringPictMakerTests" */;
			buildPhases = (
				957E7A529AD29218C2362C6C /* [CP] Check Pods Manifest.lock */,
				C8F22EDF1FBC80BD00632109 /* Sources */,
				C8F22EE01FBC80BD00632109 /* Frameworks */,
				C8F22EE11FBC80BD00632109 /* Resources */,
				F50DACCD34B17BB64643C5D2 /* [CP] Embed Pods Frameworks */,
				FD970C8CADD71774D18304B7 /* [CP] Copy Pods Resources */,
			);
			buildRules = (
			);
			dependencies = (
				C8F22EE51FBC80BD00632109 /* PBXTargetDependency */,
			);
			name = StringPictMakerTests;
			productName = StringPictMakerTests;
			productReference = C8F22EE31FBC80BD00632109 /* StringPictMakerTests.xctest */;
			productType = "com.apple.product-type.bundle.unit-test";
		};
		C8F22EED1FBC80BD00632109 /* StringPictMakerUITests */ = {
			isa = PBXNativeTarget;
			buildConfigurationList = C8F22EFD1FBC80BD00632109 /* Build configuration list for PBXNativeTarget "StringPictMakerUITests" */;
			buildPhases = (
				3EB127EA5973A4C644335F2F /* [CP] Check Pods Manifest.lock */,
				C8F22EEA1FBC80BD00632109 /* Sources */,
				C8F22EEB1FBC80BD00632109 /* Frameworks */,
				C8F22EEC1FBC80BD00632109 /* Resources */,
				46666980FE492AE1D4B8DC23 /* [CP] Embed Pods Frameworks */,
				FA1A626F777262099AF72A2A /* [CP] Copy Pods Resources */,
			);
			buildRules = (
			);
			dependencies = (
				C8F22EF01FBC80BD00632109 /* PBXTargetDependency */,
			);
			name = StringPictMakerUITests;
			productName = StringPictMakerUITests;
			productReference = C8F22EEE1FBC80BD00632109 /* StringPictMakerUITests.xctest */;
			productType = "com.apple.product-type.bundle.ui-testing";
		};
/* End PBXNativeTarget section */

/* Begin PBXProject section */
		C8F22EC41FBC80BD00632109 /* Project object */ = {
			isa = PBXProject;
			attributes = {
				LastSwiftUpdateCheck = 0910;
				LastUpgradeCheck = 0910;
				ORGANIZATIONNAME = "杉山智之";
				TargetAttributes = {
					C8F22ECB1FBC80BD00632109 = {
						CreatedOnToolsVersion = 9.1;
						ProvisioningStyle = Automatic;
					};
					C8F22EE21FBC80BD00632109 = {
						CreatedOnToolsVersion = 9.1;
						ProvisioningStyle = Automatic;
						TestTargetID = C8F22ECB1FBC80BD00632109;
					};
					C8F22EED1FBC80BD00632109 = {
						CreatedOnToolsVersion = 9.1;
						ProvisioningStyle = Automatic;
						TestTargetID = C8F22ECB1FBC80BD00632109;
					};
				};
			};
			buildConfigurationList = C8F22EC71FBC80BD00632109 /* Build configuration list for PBXProject "StringPictMaker" */;
			compatibilityVersion = "Xcode 8.0";
			developmentRegion = en;
			hasScannedForEncodings = 0;
			knownRegions = (
				en,
				Base,
			);
			mainGroup = C8F22EC31FBC80BD00632109;
			productRefGroup = C8F22ECD1FBC80BD00632109 /* Products */;
			projectDirPath = "";
			projectRoot = "";
			targets = (
				C8F22ECB1FBC80BD00632109 /* StringPictMaker */,
				C8F22EE21FBC80BD00632109 /* StringPictMakerTests */,
				C8F22EED1FBC80BD00632109 /* StringPictMakerUITests */,
			);
		};
/* End PBXProject section */

/* Begin PBXResourcesBuildPhase section */
		C8F22ECA1FBC80BD00632109 /* Resources */ = {
			isa = PBXResourcesBuildPhase;
			buildActionMask = 2147483647;
			files = (
				C8F22EDD1FBC80BD00632109 /* LaunchScreen.storyboard in Resources */,
				C8BFE0701FEE38D7000BC56E /* 07にくまるフォント.ttf in Resources */,
				C8BFE0721FEE3ACF000BC56E /* 07ReallyScaryMinchotai.ttf in Resources */,
				C8F22EDA1FBC80BD00632109 /* Assets.xcassets in Resources */,
				C8BFE0741FEE400D000BC56E /* gatasosyo.ttf in Resources */,
				C8BFE06C1FEE2B37000BC56E /* ラノベPOP.ttf in Resources */,
				C8F22ED51FBC80BD00632109 /* Main.storyboard in Resources */,
			);
			runOnlyForDeploymentPostprocessing = 0;
		};
		C8F22EE11FBC80BD00632109 /* Resources */ = {
			isa = PBXResourcesBuildPhase;
			buildActionMask = 2147483647;
			files = (
			);
			runOnlyForDeploymentPostprocessing = 0;
		};
		C8F22EEC1FBC80BD00632109 /* Resources */ = {
			isa = PBXResourcesBuildPhase;
			buildActionMask = 2147483647;
			files = (
			);
			runOnlyForDeploymentPostprocessing = 0;
		};
/* End PBXResourcesBuildPhase section */

/* Begin PBXShellScriptBuildPhase section */
		3EB127EA5973A4C644335F2F /* [CP] Check Pods Manifest.lock */ = {
			isa = PBXShellScriptBuildPhase;
			buildActionMask = 2147483647;
			files = (
			);
			inputPaths = (
				"${PODS_PODFILE_DIR_PATH}/Podfile.lock",
				"${PODS_ROOT}/Manifest.lock",
			);
			name = "[CP] Check Pods Manifest.lock";
			outputPaths = (
				"$(DERIVED_FILE_DIR)/Pods-StringPictMakerUITests-checkManifestLockResult.txt",
			);
			runOnlyForDeploymentPostprocessing = 0;
			shellPath = /bin/sh;
			shellScript = "diff \"${PODS_PODFILE_DIR_PATH}/Podfile.lock\" \"${PODS_ROOT}/Manifest.lock\" > /dev/null\nif [ $? != 0 ] ; then\n    # print error to STDERR\n    echo \"error: The sandbox is not in sync with the Podfile.lock. Run 'pod install' or update your CocoaPods installation.\" >&2\n    exit 1\nfi\n# This output is used by Xcode 'outputs' to avoid re-running this script phase.\necho \"SUCCESS\" > \"${SCRIPT_OUTPUT_FILE_0}\"\n";
			showEnvVarsInLog = 0;
		};
		46666980FE492AE1D4B8DC23 /* [CP] Embed Pods Frameworks */ = {
			isa = PBXShellScriptBuildPhase;
			buildActionMask = 2147483647;
			files = (
			);
			inputPaths = (
			);
			name = "[CP] Embed Pods Frameworks";
			outputPaths = (
			);
			runOnlyForDeploymentPostprocessing = 0;
			shellPath = /bin/sh;
			shellScript = "\"${SRCROOT}/Pods/Target Support Files/Pods-StringPictMakerUITests/Pods-StringPictMakerUITests-frameworks.sh\"\n";
			showEnvVarsInLog = 0;
		};
		957E7A529AD29218C2362C6C /* [CP] Check Pods Manifest.lock */ = {
			isa = PBXShellScriptBuildPhase;
			buildActionMask = 2147483647;
			files = (
			);
			inputPaths = (
				"${PODS_PODFILE_DIR_PATH}/Podfile.lock",
				"${PODS_ROOT}/Manifest.lock",
			);
			name = "[CP] Check Pods Manifest.lock";
			outputPaths = (
				"$(DERIVED_FILE_DIR)/Pods-StringPictMakerTests-checkManifestLockResult.txt",
			);
			runOnlyForDeploymentPostprocessing = 0;
			shellPath = /bin/sh;
			shellScript = "diff \"${PODS_PODFILE_DIR_PATH}/Podfile.lock\" \"${PODS_ROOT}/Manifest.lock\" > /dev/null\nif [ $? != 0 ] ; then\n    # print error to STDERR\n    echo \"error: The sandbox is not in sync with the Podfile.lock. Run 'pod install' or update your CocoaPods installation.\" >&2\n    exit 1\nfi\n# This output is used by Xcode 'outputs' to avoid re-running this script phase.\necho \"SUCCESS\" > \"${SCRIPT_OUTPUT_FILE_0}\"\n";
			showEnvVarsInLog = 0;
		};
		F50DACCD34B17BB64643C5D2 /* [CP] Embed Pods Frameworks */ = {
			isa = PBXShellScriptBuildPhase;
			buildActionMask = 2147483647;
			files = (
			);
			inputPaths = (
			);
			name = "[CP] Embed Pods Frameworks";
			outputPaths = (
			);
			runOnlyForDeploymentPostprocessing = 0;
			shellPath = /bin/sh;
			shellScript = "\"${SRCROOT}/Pods/Target Support Files/Pods-StringPictMakerTests/Pods-StringPictMakerTests-frameworks.sh\"\n";
			showEnvVarsInLog = 0;
		};
		FA1A626F777262099AF72A2A /* [CP] Copy Pods Resources */ = {
			isa = PBXShellScriptBuildPhase;
			buildActionMask = 2147483647;
			files = (
			);
			inputPaths = (
			);
			name = "[CP] Copy Pods Resources";
			outputPaths = (
			);
			runOnlyForDeploymentPostprocessing = 0;
			shellPath = /bin/sh;
			shellScript = "\"${SRCROOT}/Pods/Target Support Files/Pods-StringPictMakerUITests/Pods-StringPictMakerUITests-resources.sh\"\n";
			showEnvVarsInLog = 0;
		};
		FD970C8CADD71774D18304B7 /* [CP] Copy Pods Resources */ = {
			isa = PBXShellScriptBuildPhase;
			buildActionMask = 2147483647;
			files = (
			);
			inputPaths = (
			);
			name = "[CP] Copy Pods Resources";
			outputPaths = (
			);
			runOnlyForDeploymentPostprocessing = 0;
			shellPath = /bin/sh;
			shellScript = "\"${SRCROOT}/Pods/Target Support Files/Pods-StringPictMakerTests/Pods-StringPictMakerTests-resources.sh\"\n";
			showEnvVarsInLog = 0;
		};
/* End PBXShellScriptBuildPhase section */

/* Begin PBXSourcesBuildPhase section */
		C8F22EC81FBC80BD00632109 /* Sources */ = {
			isa = PBXSourcesBuildPhase;
			buildActionMask = 2147483647;
			files = (
				C8F75AE31FDCC7FB006FA649 /* LayerPickerViewController.swift in Sources */,
				C8B924B21FEF6AA100D9C3B8 /* HSB.swift in Sources */,
				C891DD701FC1BC1800C126BF /* ImageBoard.swift in Sources */,
				C891DD761FC46AEF00C126BF /* DataManager.swift in Sources */,
				C8F22ED21FBC80BD00632109 /* SplashController.swift in Sources */,
				C8B924B01FEF6AA100D9C3B8 /* ColorApplyButton.swift in Sources */,
				C8B924B71FEF6AA100D9C3B8 /* ColorLightingPicker.swift in Sources */,
				C8F22ED01FBC80BD00632109 /* AppDelegate.swift in Sources */,
				C8F75AE11FDC41BC006FA649 /* ColorPickerViewController.swift in Sources */,
				C8B924B61FEF6AA100D9C3B8 /* CGRect+Core.swift in Sources */,
				C891DD721FC4555F00C126BF /* MenuButtonActionController.swift in Sources */,
				C8B924B31FEF6AA100D9C3B8 /* AngleGradientLayer.swift in Sources */,
				C8B59D841FD6DB4500DCB67B /* FontPickerViewController.swift in Sources */,
				C82DFCDF1FBF0E3D00B65F92 /* ImageListController.swift in Sources */,
				C888FF6E1FCCCB92000F7738 /* StringPictMaker.xcdatamodeld in Sources */,
				C8B924B41FEF6AA100D9C3B8 /* ThumbView.swift in Sources */,
				C8F75AE51FDEAEDA006FA649 /* LayerCell.swift in Sources */,
				C89E07101FC04C6E00C527BC /* ImageEditor.swift in Sources */,
				C8B924B51FEF6AA100D9C3B8 /* ColorPicker+Math.swift in Sources */,
				C82DFCE11FBFB98C00B65F92 /* ImageCell.swift in Sources */,
				C8B924B11FEF6AA100D9C3B8 /* ColorPickerView.swift in Sources */,
			);
			runOnlyForDeploymentPostprocessing = 0;
		};
		C8F22EDF1FBC80BD00632109 /* Sources */ = {
			isa = PBXSourcesBuildPhase;
			buildActionMask = 2147483647;
			files = (
				C8F22EE81FBC80BD00632109 /* StringPictMakerTests.swift in Sources */,
			);
			runOnlyForDeploymentPostprocessing = 0;
		};
		C8F22EEA1FBC80BD00632109 /* Sources */ = {
			isa = PBXSourcesBuildPhase;
			buildActionMask = 2147483647;
			files = (
				C8F22EF31FBC80BD00632109 /* StringPictMakerUITests.swift in Sources */,
			);
			runOnlyForDeploymentPostprocessing = 0;
		};
/* End PBXSourcesBuildPhase section */

/* Begin PBXTargetDependency section */
		C8F22EE51FBC80BD00632109 /* PBXTargetDependency */ = {
			isa = PBXTargetDependency;
			target = C8F22ECB1FBC80BD00632109 /* StringPictMaker */;
			targetProxy = C8F22EE41FBC80BD00632109 /* PBXContainerItemProxy */;
		};
		C8F22EF01FBC80BD00632109 /* PBXTargetDependency */ = {
			isa = PBXTargetDependency;
			target = C8F22ECB1FBC80BD00632109 /* StringPictMaker */;
			targetProxy = C8F22EEF1FBC80BD00632109 /* PBXContainerItemProxy */;
		};
/* End PBXTargetDependency section */

/* Begin PBXVariantGroup section */
		C8F22ED31FBC80BD00632109 /* Main.storyboard */ = {
			isa = PBXVariantGroup;
			children = (
				C8F22ED41FBC80BD00632109 /* Base */,
			);
			name = Main.storyboard;
			sourceTree = "<group>";
		};
		C8F22EDB1FBC80BD00632109 /* LaunchScreen.storyboard */ = {
			isa = PBXVariantGroup;
			children = (
				C8F22EDC1FBC80BD00632109 /* Base */,
			);
			name = LaunchScreen.storyboard;
			sourceTree = "<group>";
		};
/* End PBXVariantGroup section */

/* Begin XCBuildConfiguration section */
		C8F22EF51FBC80BD00632109 /* Debug */ = {
			isa = XCBuildConfiguration;
			buildSettings = {
				ALWAYS_SEARCH_USER_PATHS = NO;
				CLANG_ANALYZER_NONNULL = YES;
				CLANG_ANALYZER_NUMBER_OBJECT_CONVERSION = YES_AGGRESSIVE;
				CLANG_CXX_LANGUAGE_STANDARD = "gnu++14";
				CLANG_CXX_LIBRARY = "libc++";
				CLANG_ENABLE_MODULES = YES;
				CLANG_ENABLE_OBJC_ARC = YES;
				CLANG_WARN_BLOCK_CAPTURE_AUTORELEASING = YES;
				CLANG_WARN_BOOL_CONVERSION = YES;
				CLANG_WARN_COMMA = YES;
				CLANG_WARN_CONSTANT_CONVERSION = YES;
				CLANG_WARN_DIRECT_OBJC_ISA_USAGE = YES_ERROR;
				CLANG_WARN_DOCUMENTATION_COMMENTS = YES;
				CLANG_WARN_EMPTY_BODY = YES;
				CLANG_WARN_ENUM_CONVERSION = YES;
				CLANG_WARN_INFINITE_RECURSION = YES;
				CLANG_WARN_INT_CONVERSION = YES;
				CLANG_WARN_NON_LITERAL_NULL_CONVERSION = YES;
				CLANG_WARN_OBJC_LITERAL_CONVERSION = YES;
				CLANG_WARN_OBJC_ROOT_CLASS = YES_ERROR;
				CLANG_WARN_RANGE_LOOP_ANALYSIS = YES;
				CLANG_WARN_STRICT_PROTOTYPES = YES;
				CLANG_WARN_SUSPICIOUS_MOVE = YES;
				CLANG_WARN_UNGUARDED_AVAILABILITY = YES_AGGRESSIVE;
				CLANG_WARN_UNREACHABLE_CODE = YES;
				CLANG_WARN__DUPLICATE_METHOD_MATCH = YES;
				CODE_SIGN_IDENTITY = "iPhone Developer";
				COPY_PHASE_STRIP = NO;
				DEBUG_INFORMATION_FORMAT = dwarf;
				ENABLE_STRICT_OBJC_MSGSEND = YES;
				ENABLE_TESTABILITY = YES;
				GCC_C_LANGUAGE_STANDARD = gnu11;
				GCC_DYNAMIC_NO_PIC = NO;
				GCC_NO_COMMON_BLOCKS = YES;
				GCC_OPTIMIZATION_LEVEL = 0;
				GCC_PREPROCESSOR_DEFINITIONS = (
					"DEBUG=1",
					"$(inherited)",
				);
				GCC_WARN_64_TO_32_BIT_CONVERSION = YES;
				GCC_WARN_ABOUT_RETURN_TYPE = YES_ERROR;
				GCC_WARN_UNDECLARED_SELECTOR = YES;
				GCC_WARN_UNINITIALIZED_AUTOS = YES_AGGRESSIVE;
				GCC_WARN_UNUSED_FUNCTION = YES;
				GCC_WARN_UNUSED_VARIABLE = YES;
				IPHONEOS_DEPLOYMENT_TARGET = 11.1;
				MTL_ENABLE_DEBUG_INFO = YES;
				ONLY_ACTIVE_ARCH = YES;
				SDKROOT = iphoneos;
				SWIFT_ACTIVE_COMPILATION_CONDITIONS = DEBUG;
				SWIFT_OPTIMIZATION_LEVEL = "-Onone";
			};
			name = Debug;
		};
		C8F22EF61FBC80BD00632109 /* Release */ = {
			isa = XCBuildConfiguration;
			buildSettings = {
				ALWAYS_SEARCH_USER_PATHS = NO;
				CLANG_ANALYZER_NONNULL = YES;
				CLANG_ANALYZER_NUMBER_OBJECT_CONVERSION = YES_AGGRESSIVE;
				CLANG_CXX_LANGUAGE_STANDARD = "gnu++14";
				CLANG_CXX_LIBRARY = "libc++";
				CLANG_ENABLE_MODULES = YES;
				CLANG_ENABLE_OBJC_ARC = YES;
				CLANG_WARN_BLOCK_CAPTURE_AUTORELEASING = YES;
				CLANG_WARN_BOOL_CONVERSION = YES;
				CLANG_WARN_COMMA = YES;
				CLANG_WARN_CONSTANT_CONVERSION = YES;
				CLANG_WARN_DIRECT_OBJC_ISA_USAGE = YES_ERROR;
				CLANG_WARN_DOCUMENTATION_COMMENTS = YES;
				CLANG_WARN_EMPTY_BODY = YES;
				CLANG_WARN_ENUM_CONVERSION = YES;
				CLANG_WARN_INFINITE_RECURSION = YES;
				CLANG_WARN_INT_CONVERSION = YES;
				CLANG_WARN_NON_LITERAL_NULL_CONVERSION = YES;
				CLANG_WARN_OBJC_LITERAL_CONVERSION = YES;
				CLANG_WARN_OBJC_ROOT_CLASS = YES_ERROR;
				CLANG_WARN_RANGE_LOOP_ANALYSIS = YES;
				CLANG_WARN_STRICT_PROTOTYPES = YES;
				CLANG_WARN_SUSPICIOUS_MOVE = YES;
				CLANG_WARN_UNGUARDED_AVAILABILITY = YES_AGGRESSIVE;
				CLANG_WARN_UNREACHABLE_CODE = YES;
				CLANG_WARN__DUPLICATE_METHOD_MATCH = YES;
				CODE_SIGN_IDENTITY = "iPhone Developer";
				COPY_PHASE_STRIP = NO;
				DEBUG_INFORMATION_FORMAT = "dwarf-with-dsym";
				ENABLE_NS_ASSERTIONS = NO;
				ENABLE_STRICT_OBJC_MSGSEND = YES;
				GCC_C_LANGUAGE_STANDARD = gnu11;
				GCC_NO_COMMON_BLOCKS = YES;
				GCC_WARN_64_TO_32_BIT_CONVERSION = YES;
				GCC_WARN_ABOUT_RETURN_TYPE = YES_ERROR;
				GCC_WARN_UNDECLARED_SELECTOR = YES;
				GCC_WARN_UNINITIALIZED_AUTOS = YES_AGGRESSIVE;
				GCC_WARN_UNUSED_FUNCTION = YES;
				GCC_WARN_UNUSED_VARIABLE = YES;
				IPHONEOS_DEPLOYMENT_TARGET = 11.1;
				MTL_ENABLE_DEBUG_INFO = NO;
				SDKROOT = iphoneos;
				SWIFT_OPTIMIZATION_LEVEL = "-Owholemodule";
				VALIDATE_PRODUCT = YES;
			};
			name = Release;
		};
		C8F22EF81FBC80BD00632109 /* Debug */ = {
			isa = XCBuildConfiguration;
			buildSettings = {
				ASSETCATALOG_COMPILER_APPICON_NAME = AppIcon;
				CODE_SIGN_STYLE = Automatic;
				DEVELOPMENT_TEAM = FCW69NXFM4;
				INFOPLIST_FILE = StringPictMaker/Info.plist;
				LD_RUNPATH_SEARCH_PATHS = "$(inherited) @executable_path/Frameworks";
				PRODUCT_BUNDLE_IDENTIFIER = com.u3gpw25.StringPictMaker;
				PRODUCT_NAME = "$(TARGET_NAME)";
				SWIFT_VERSION = 4.0;
				TARGETED_DEVICE_FAMILY = "1,2";
			};
			name = Debug;
		};
		C8F22EF91FBC80BD00632109 /* Release */ = {
			isa = XCBuildConfiguration;
			buildSettings = {
				ASSETCATALOG_COMPILER_APPICON_NAME = AppIcon;
				CODE_SIGN_STYLE = Automatic;
				DEVELOPMENT_TEAM = FCW69NXFM4;
				INFOPLIST_FILE = StringPictMaker/Info.plist;
				LD_RUNPATH_SEARCH_PATHS = "$(inherited) @executable_path/Frameworks";
				PRODUCT_BUNDLE_IDENTIFIER = com.u3gpw25.StringPictMaker;
				PRODUCT_NAME = "$(TARGET_NAME)";
				SWIFT_VERSION = 4.0;
				TARGETED_DEVICE_FAMILY = "1,2";
			};
			name = Release;
		};
		C8F22EFB1FBC80BD00632109 /* Debug */ = {
			isa = XCBuildConfiguration;
			buildSettings = {
				ALWAYS_EMBED_SWIFT_STANDARD_LIBRARIES = YES;
				BUNDLE_LOADER = "$(TEST_HOST)";
				CODE_SIGN_STYLE = Automatic;
				DEVELOPMENT_TEAM = FCW69NXFM4;
				INFOPLIST_FILE = StringPictMakerTests/Info.plist;
				LD_RUNPATH_SEARCH_PATHS = "$(inherited) @executable_path/Frameworks @loader_path/Frameworks";
				PRODUCT_BUNDLE_IDENTIFIER = com.u3gpw25.StringPictMakerTests;
				PRODUCT_NAME = "$(TARGET_NAME)";
				SWIFT_VERSION = 4.0;
				TARGETED_DEVICE_FAMILY = "1,2";
				TEST_HOST = "$(BUILT_PRODUCTS_DIR)/StringPictMaker.app/StringPictMaker";
			};
			name = Debug;
		};
		C8F22EFC1FBC80BD00632109 /* Release */ = {
			isa = XCBuildConfiguration;
			buildSettings = {
				ALWAYS_EMBED_SWIFT_STANDARD_LIBRARIES = YES;
				BUNDLE_LOADER = "$(TEST_HOST)";
				CODE_SIGN_STYLE = Automatic;
				DEVELOPMENT_TEAM = FCW69NXFM4;
				INFOPLIST_FILE = StringPictMakerTests/Info.plist;
				LD_RUNPATH_SEARCH_PATHS = "$(inherited) @executable_path/Frameworks @loader_path/Frameworks";
				PRODUCT_BUNDLE_IDENTIFIER = com.u3gpw25.StringPictMakerTests;
				PRODUCT_NAME = "$(TARGET_NAME)";
				SWIFT_VERSION = 4.0;
				TARGETED_DEVICE_FAMILY = "1,2";
				TEST_HOST = "$(BUILT_PRODUCTS_DIR)/StringPictMaker.app/StringPictMaker";
			};
			name = Release;
		};
		C8F22EFE1FBC80BD00632109 /* Debug */ = {
			isa = XCBuildConfiguration;
			buildSettings = {
				ALWAYS_EMBED_SWIFT_STANDARD_LIBRARIES = YES;
				CODE_SIGN_STYLE = Automatic;
				DEVELOPMENT_TEAM = FCW69NXFM4;
				INFOPLIST_FILE = StringPictMakerUITests/Info.plist;
				LD_RUNPATH_SEARCH_PATHS = "$(inherited) @executable_path/Frameworks @loader_path/Frameworks";
				PRODUCT_BUNDLE_IDENTIFIER = com.u3gpw25.StringPictMakerUITests;
				PRODUCT_NAME = "$(TARGET_NAME)";
				SWIFT_VERSION = 4.0;
				TARGETED_DEVICE_FAMILY = "1,2";
				TEST_TARGET_NAME = StringPictMaker;
			};
			name = Debug;
		};
		C8F22EFF1FBC80BD00632109 /* Release */ = {
			isa = XCBuildConfiguration;
			buildSettings = {
				ALWAYS_EMBED_SWIFT_STANDARD_LIBRARIES = YES;
				CODE_SIGN_STYLE = Automatic;
				DEVELOPMENT_TEAM = FCW69NXFM4;
				INFOPLIST_FILE = StringPictMakerUITests/Info.plist;
				LD_RUNPATH_SEARCH_PATHS = "$(inherited) @executable_path/Frameworks @loader_path/Frameworks";
				PRODUCT_BUNDLE_IDENTIFIER = com.u3gpw25.StringPictMakerUITests;
				PRODUCT_NAME = "$(TARGET_NAME)";
				SWIFT_VERSION = 4.0;
				TARGETED_DEVICE_FAMILY = "1,2";
				TEST_TARGET_NAME = StringPictMaker;
			};
			name = Release;
		};
/* End XCBuildConfiguration section */

/* Begin XCConfigurationList section */
		C8F22EC71FBC80BD00632109 /* Build configuration list for PBXProject "StringPictMaker" */ = {
			isa = XCConfigurationList;
			buildConfigurations = (
				C8F22EF51FBC80BD00632109 /* Debug */,
				C8F22EF61FBC80BD00632109 /* Release */,
			);
			defaultConfigurationIsVisible = 0;
			defaultConfigurationName = Release;
		};
		C8F22EF71FBC80BD00632109 /* Build configuration list for PBXNativeTarget "StringPictMaker" */ = {
			isa = XCConfigurationList;
			buildConfigurations = (
				C8F22EF81FBC80BD00632109 /* Debug */,
				C8F22EF91FBC80BD00632109 /* Release */,
			);
			defaultConfigurationIsVisible = 0;
			defaultConfigurationName = Release;
		};
		C8F22EFA1FBC80BD00632109 /* Build configuration list for PBXNativeTarget "StringPictMakerTests" */ = {
			isa = XCConfigurationList;
			buildConfigurations = (
				C8F22EFB1FBC80BD00632109 /* Debug */,
				C8F22EFC1FBC80BD00632109 /* Release */,
			);
			defaultConfigurationIsVisible = 0;
			defaultConfigurationName = Release;
		};
		C8F22EFD1FBC80BD00632109 /* Build configuration list for PBXNativeTarget "StringPictMakerUITests" */ = {
			isa = XCConfigurationList;
			buildConfigurations = (
				C8F22EFE1FBC80BD00632109 /* Debug */,
				C8F22EFF1FBC80BD00632109 /* Release */,
			);
			defaultConfigurationIsVisible = 0;
			defaultConfigurationName = Release;
		};
/* End XCConfigurationList section */

/* Begin XCVersionGroup section */
		C888FF6C1FCCCB92000F7738 /* StringPictMaker.xcdatamodeld */ = {
			isa = XCVersionGroup;
			children = (
				C888FF6D1FCCCB92000F7738 /* StringPictMaker.xcdatamodel */,
			);
			currentVersion = C888FF6D1FCCCB92000F7738 /* StringPictMaker.xcdatamodel */;
			path = StringPictMaker.xcdatamodeld;
			sourceTree = "<group>";
			versionGroupType = wrapper.xcdatamodel;
		};
/* End XCVersionGroup section */
	};
	rootObject = C8F22EC41FBC80BD00632109 /* Project object */;
}
